
Microsoft Visual Studio Solution File, Format Version 12.00
# Visual Studio Version 16
VisualStudioVersion = 16.0.29519.87
MinimumVisualStudioVersion = 10.0.40219.1
Project("{FAE04EC0-301F-11D3-BF4B-00C04F79EFBC}") = "AssistiveBall", "AssistiveBall\AssistiveBall.csproj", "{EE380D2D-6F13-448F-876E-59FBEF34F715}"
EndProject
Global
	GlobalSection(SolutionConfigurationPlatforms) = preSolution
		Debug|Any CPU = Debug|Any CPU
		Release|Any CPU = Release|Any CPU
	EndGlobalSection
	GlobalSection(ProjectConfigurationPlatforms) = postSolution
		{EE380D2D-6F13-448F-876E-59FBEF34F715}.Debug|Any CPU.ActiveCfg = Debug|Any CPU
		{EE380D2D-6F13-448F-876E-59FBEF34F715}.Debug|Any CPU.Build.0 = Debug|Any CPU
		{EE380D2D-6F13-448F-876E-59FBEF34F715}.Release|Any CPU.ActiveCfg = Release|Any CPU
		{EE380D2D-6F13-448F-876E-59FBEF34F715}.Release|Any CPU.Build.0 = Release|Any CPU
	EndGlobalSection
	GlobalSection(SolutionProperties) = preSolution
		HideSolutionNode = FALSE
	EndGlobalSection
	GlobalSection(ExtensibilityGlobals) = postSolution
		SolutionGuid = {080C1770-D469-48F2-8CFC-84167F1B906A}
	EndGlobalSection
EndGlobal
